
Microsoft Visual Studio Solution File, Format Version 12.00
# Visual Studio Version 16
VisualStudioVersion = 16.0.31729.503
MinimumVisualStudioVersion = 10.0.40219.1
Project("{FAE04EC0-301F-11D3-BF4B-00C04F79EFBC}") = "Graph", "Graph\Graph.csproj", "{8C53CC7D-10C2-40D5-B070-1F8F5EC45DC6}"
EndProject
Global
	GlobalSection(SolutionConfigurationPlatforms) = preSolution
		Debug|Any CPU = Debug|Any CPU
		Release|Any CPU = Release|Any CPU
	EndGlobalSection
	GlobalSection(ProjectConfigurationPlatforms) = postSolution
		{8C53CC7D-10C2-40D5-B070-1F8F5EC45DC6}.Debug|Any CPU.ActiveCfg = Debug|Any CPU
		{8C53CC7D-10C2-40D5-B070-1F8F5EC45DC6}.Debug|Any CPU.Build.0 = Debug|Any CPU
		{8C53CC7D-10C2-40D5-B070-1F8F5EC45DC6}.Release|Any CPU.ActiveCfg = Release|Any CPU
		{8C53CC7D-10C2-40D5-B070-1F8F5EC45DC6}.Release|Any CPU.Build.0 = Release|Any CPU
	EndGlobalSection
	GlobalSection(SolutionProperties) = preSolution
		HideSolutionNode = FALSE
	EndGlobalSection
	GlobalSection(ExtensibilityGlobals) = postSolution
		SolutionGuid = {725BF3CF-C82B-48A1-80E8-FABF190AA6ED}
	EndGlobalSection
EndGlobal
